// !$*UTF8*$!
{
	archiveVersion = 1;
	classes = {
	};
	objectVersion = 56;
	objects = {

/* Begin PBXBuildFile section */
		4659A8182A38F0B80084D8A8 /* AddMovieViewModel.swift in Sources */ = {isa = PBXBuildFile; fileRef = 4659A8172A38F0B80084D8A8 /* AddMovieViewModel.swift */; };
		4659A81A2A38F61A0084D8A8 /* Webservice.swift in Sources */ = {isa = PBXBuildFile; fileRef = 4659A8192A38F61A0084D8A8 /* Webservice.swift */; };
		4659A81C2A38F64D0084D8A8 /* Movie.swift in Sources */ = {isa = PBXBuildFile; fileRef = 4659A81B2A38F64D0084D8A8 /* Movie.swift */; };
		4659A81E2A38F87F0084D8A8 /* MoviePosterGridView.swift in Sources */ = {isa = PBXBuildFile; fileRef = 4659A81D2A38F87F0084D8A8 /* MoviePosterGridView.swift */; };
		46632B092A385CB3000B3B92 /* MoviesGraphQLAppApp.swift in Sources */ = {isa = PBXBuildFile; fileRef = 46632B082A385CB3000B3B92 /* MoviesGraphQLAppApp.swift */; };
		46632B0D2A385CB4000B3B92 /* Assets.xcassets in Resources */ = {isa = PBXBuildFile; fileRef = 46632B0C2A385CB4000B3B92 /* Assets.xcassets */; };
		46632B102A385CB4000B3B92 /* Preview Assets.xcassets in Resources */ = {isa = PBXBuildFile; fileRef = 46632B0F2A385CB4000B3B92 /* Preview Assets.xcassets */; };
		46632B182A385CD8000B3B92 /* Apollo in Frameworks */ = {isa = PBXBuildFile; productRef = 46632B172A385CD8000B3B92 /* Apollo */; };
		46632B1A2A385CD8000B3B92 /* ApolloAPI in Frameworks */ = {isa = PBXBuildFile; productRef = 46632B192A385CD8000B3B92 /* ApolloAPI */; };
		46632B1C2A385CD8000B3B92 /* ApolloCodegenLib in Frameworks */ = {isa = PBXBuildFile; productRef = 46632B1B2A385CD8000B3B92 /* ApolloCodegenLib */; };
		46632B1E2A385CD8000B3B92 /* ApolloSQLite in Frameworks */ = {isa = PBXBuildFile; productRef = 46632B1D2A385CD8000B3B92 /* ApolloSQLite */; };
		46632B202A385CD8000B3B92 /* ApolloUtils in Frameworks */ = {isa = PBXBuildFile; productRef = 46632B1F2A385CD8000B3B92 /* ApolloUtils */; };
		46632B222A385CD8000B3B92 /* ApolloWebSocket in Frameworks */ = {isa = PBXBuildFile; productRef = 46632B212A385CD8000B3B92 /* ApolloWebSocket */; };
		46699B6B2A385D7000CB543E /* Apollo.swift in Sources */ = {isa = PBXBuildFile; fileRef = 46699B6A2A385D7000CB543E /* Apollo.swift */; };
		46699B6D2A385D8800CB543E /* Queries.graphql in Resources */ = {isa = PBXBuildFile; fileRef = 46699B6C2A385D8800CB543E /* Queries.graphql */; };
		4669C40C2A3865260091DC91 /* Constants.swift in Sources */ = {isa = PBXBuildFile; fileRef = 4669C40B2A3865260091DC91 /* Constants.swift */; };
		4669C40F2A3865430091DC91 /* ImageLoader.swift in Sources */ = {isa = PBXBuildFile; fileRef = 4669C40E2A3865430091DC91 /* ImageLoader.swift */; };
		4669C4122A38656A0091DC91 /* URLImage.swift in Sources */ = {isa = PBXBuildFile; fileRef = 4669C4112A38656A0091DC91 /* URLImage.swift */; };
		4669C4142A3865850091DC91 /* MovieListView.swift in Sources */ = {isa = PBXBuildFile; fileRef = 4669C4132A3865850091DC91 /* MovieListView.swift */; };
		4669C4162A38659F0091DC91 /* NoResultView.swift in Sources */ = {isa = PBXBuildFile; fileRef = 4669C4152A38659F0091DC91 /* NoResultView.swift */; };
		4669C4192A3865C30091DC91 /* MovieListScreen.swift in Sources */ = {isa = PBXBuildFile; fileRef = 4669C4182A3865C30091DC91 /* MovieListScreen.swift */; };
		4669C41B2A3865DD0091DC91 /* AddMovieScreen.swift in Sources */ = {isa = PBXBuildFile; fileRef = 4669C41A2A3865DD0091DC91 /* AddMovieScreen.swift */; };
		4669C41E2A3865F50091DC91 /* View+Extensions.swift in Sources */ = {isa = PBXBuildFile; fileRef = 4669C41D2A3865F50091DC91 /* View+Extensions.swift */; };
		4669C4202A3866090091DC91 /* String+Extensions.swift in Sources */ = {isa = PBXBuildFile; fileRef = 4669C41F2A3866090091DC91 /* String+Extensions.swift */; };
		466C68B12A38D94E00A236D4 /* GenreListViewModel.swift in Sources */ = {isa = PBXBuildFile; fileRef = 466C68B02A38D94E00A236D4 /* GenreListViewModel.swift */; };
		466C68B32A38DA3000A236D4 /* GenreSelectionView.swift in Sources */ = {isa = PBXBuildFile; fileRef = 466C68B22A38DA3000A236D4 /* GenreSelectionView.swift */; };
		466C68B52A38EFBF00A236D4 /* schema.json in Resources */ = {isa = PBXBuildFile; fileRef = 466C68B42A38EFBF00A236D4 /* schema.json */; };
		46CF75F92A38CF24007F3396 /* MovieListViewModel.swift in Sources */ = {isa = PBXBuildFile; fileRef = 46CF75F82A38CF24007F3396 /* MovieListViewModel.swift */; };
		46F507802A385F5200BFAA75 /* API.swift in Sources */ = {isa = PBXBuildFile; fileRef = 46F5077F2A385F5200BFAA75 /* API.swift */; };
/* End PBXBuildFile section */

/* Begin PBXFileReference section */
		4659A8172A38F0B80084D8A8 /* AddMovieViewModel.swift */ = {isa = PBXFileReference; lastKnownFileType = sourcecode.swift; path = AddMovieViewModel.swift; sourceTree = "<group>"; };
		4659A8192A38F61A0084D8A8 /* Webservice.swift */ = {isa = PBXFileReference; lastKnownFileType = sourcecode.swift; path = Webservice.swift; sourceTree = "<group>"; };
		4659A81B2A38F64D0084D8A8 /* Movie.swift */ = {isa = PBXFileReference; lastKnownFileType = sourcecode.swift; path = Movie.swift; sourceTree = "<group>"; };
		4659A81D2A38F87F0084D8A8 /* MoviePosterGridView.swift */ = {isa = PBXFileReference; lastKnownFileType = sourcecode.swift; path = MoviePosterGridView.swift; sourceTree = "<group>"; };
		4659A81F2A38FD2B0084D8A8 /* Info.plist */ = {isa = PBXFileReference; lastKnownFileType = text.plist; path = Info.plist; sourceTree = "<group>"; };
		46632B052A385CB3000B3B92 /* MoviesGraphQLApp.app */ = {isa = PBXFileReference; explicitFileType = wrapper.application; includeInIndex = 0; path = MoviesGraphQLApp.app; sourceTree = BUILT_PRODUCTS_DIR; };
		46632B082A385CB3000B3B92 /* MoviesGraphQLAppApp.swift */ = {isa = PBXFileReference; lastKnownFileType = sourcecode.swift; path = MoviesGraphQLAppApp.swift; sourceTree = "<group>"; };
		46632B0C2A385CB4000B3B92 /* Assets.xcassets */ = {isa = PBXFileReference; lastKnownFileType = folder.assetcatalog; path = Assets.xcassets; sourceTree = "<group>"; };
		46632B0F2A385CB4000B3B92 /* Preview Assets.xcassets */ = {isa = PBXFileReference; lastKnownFileType = folder.assetcatalog; path = "Preview Assets.xcassets"; sourceTree = "<group>"; };
		46699B6A2A385D7000CB543E /* Apollo.swift */ = {isa = PBXFileReference; lastKnownFileType = sourcecode.swift; path = Apollo.swift; sourceTree = "<group>"; };
		46699B6C2A385D8800CB543E /* Queries.graphql */ = {isa = PBXFileReference; lastKnownFileType = text; path = Queries.graphql; sourceTree = "<group>"; };
		4669C40B2A3865260091DC91 /* Constants.swift */ = {isa = PBXFileReference; lastKnownFileType = sourcecode.swift; path = Constants.swift; sourceTree = "<group>"; };
		4669C40E2A3865430091DC91 /* ImageLoader.swift */ = {isa = PBXFileReference; lastKnownFileType = sourcecode.swift; path = ImageLoader.swift; sourceTree = "<group>"; };
		4669C4112A38656A0091DC91 /* URLImage.swift */ = {isa = PBXFileReference; lastKnownFileType = sourcecode.swift; path = URLImage.swift; sourceTree = "<group>"; };
		4669C4132A3865850091DC91 /* MovieListView.swift */ = {isa = PBXFileReference; lastKnownFileType = sourcecode.swift; path = MovieListView.swift; sourceTree = "<group>"; };
		4669C4152A38659F0091DC91 /* NoResultView.swift */ = {isa = PBXFileReference; lastKnownFileType = sourcecode.swift; path = NoResultView.swift; sourceTree = "<group>"; };
		4669C4182A3865C30091DC91 /* MovieListScreen.swift */ = {isa = PBXFileReference; lastKnownFileType = sourcecode.swift; path = MovieListScreen.swift; sourceTree = "<group>"; };
		4669C41A2A3865DD0091DC91 /* AddMovieScreen.swift */ = {isa = PBXFileReference; lastKnownFileType = sourcecode.swift; path = AddMovieScreen.swift; sourceTree = "<group>"; };
		4669C41D2A3865F50091DC91 /* View+Extensions.swift */ = {isa = PBXFileReference; lastKnownFileType = sourcecode.swift; path = "View+Extensions.swift"; sourceTree = "<group>"; };
		4669C41F2A3866090091DC91 /* String+Extensions.swift */ = {isa = PBXFileReference; lastKnownFileType = sourcecode.swift; path = "String+Extensions.swift"; sourceTree = "<group>"; };
		466C68B02A38D94E00A236D4 /* GenreListViewModel.swift */ = {isa = PBXFileReference; lastKnownFileType = sourcecode.swift; path = GenreListViewModel.swift; sourceTree = "<group>"; };
		466C68B22A38DA3000A236D4 /* GenreSelectionView.swift */ = {isa = PBXFileReference; lastKnownFileType = sourcecode.swift; path = GenreSelectionView.swift; sourceTree = "<group>"; };
		466C68B42A38EFBF00A236D4 /* schema.json */ = {isa = PBXFileReference; fileEncoding = 4; lastKnownFileType = text.json; path = schema.json; sourceTree = "<group>"; };
		46CF75F82A38CF24007F3396 /* MovieListViewModel.swift */ = {isa = PBXFileReference; lastKnownFileType = sourcecode.swift; path = MovieListViewModel.swift; sourceTree = "<group>"; };
		46F5077F2A385F5200BFAA75 /* API.swift */ = {isa = PBXFileReference; fileEncoding = 4; lastKnownFileType = sourcecode.swift; path = API.swift; sourceTree = "<group>"; };
/* End PBXFileReference section */

/* Begin PBXFrameworksBuildPhase section */
		46632B022A385CB3000B3B92 /* Frameworks */ = {
			isa = PBXFrameworksBuildPhase;
			buildActionMask = 2147483647;
			files = (
				46632B1A2A385CD8000B3B92 /* ApolloAPI in Frameworks */,
				46632B222A385CD8000B3B92 /* ApolloWebSocket in Frameworks */,
				46632B202A385CD8000B3B92 /* ApolloUtils in Frameworks */,
				46632B1E2A385CD8000B3B92 /* ApolloSQLite in Frameworks */,
				46632B1C2A385CD8000B3B92 /* ApolloCodegenLib in Frameworks */,
				46632B182A385CD8000B3B92 /* Apollo in Frameworks */,
			);
			runOnlyForDeploymentPostprocessing = 0;
		};
/* End PBXFrameworksBuildPhase section */

/* Begin PBXGroup section */
		46632AFC2A385CB3000B3B92 = {
			isa = PBXGroup;
			children = (
				46632B072A385CB3000B3B92 /* MoviesGraphQLApp */,
				46632B062A385CB3000B3B92 /* Products */,
			);
			sourceTree = "<group>";
		};
		46632B062A385CB3000B3B92 /* Products */ = {
			isa = PBXGroup;
			children = (
				46632B052A385CB3000B3B92 /* MoviesGraphQLApp.app */,
			);
			name = Products;
			sourceTree = "<group>";
		};
		46632B072A385CB3000B3B92 /* MoviesGraphQLApp */ = {
			isa = PBXGroup;
			children = (
				4659A81F2A38FD2B0084D8A8 /* Info.plist */,
				466C68B42A38EFBF00A236D4 /* schema.json */,
				4669C4232A38BA760091DC91 /* Model */,
				4669C4222A38BA580091DC91 /* Service */,
				4669C4212A38BA170091DC91 /* View Model */,
				4669C41C2A3865EA0091DC91 /* Extensions */,
				4669C4172A3865B20091DC91 /* Screens */,
				4669C4102A3865540091DC91 /* View */,
				4669C40D2A3865370091DC91 /* Loaders */,
				4669C40A2A38650E0091DC91 /* Utils */,
				46699B672A385D5600CB543E /* GraphQL */,
				46632B082A385CB3000B3B92 /* MoviesGraphQLAppApp.swift */,
				46632B0C2A385CB4000B3B92 /* Assets.xcassets */,
				46632B0E2A385CB4000B3B92 /* Preview Content */,
			);
			path = MoviesGraphQLApp;
			sourceTree = "<group>";
		};
		46632B0E2A385CB4000B3B92 /* Preview Content */ = {
			isa = PBXGroup;
			children = (
				46632B0F2A385CB4000B3B92 /* Preview Assets.xcassets */,
			);
			path = "Preview Content";
			sourceTree = "<group>";
		};
		46699B672A385D5600CB543E /* GraphQL */ = {
			isa = PBXGroup;
			children = (
				46F5077F2A385F5200BFAA75 /* API.swift */,
				46699B6A2A385D7000CB543E /* Apollo.swift */,
				46699B6C2A385D8800CB543E /* Queries.graphql */,
			);
			path = GraphQL;
			sourceTree = "<group>";
		};
		4669C40A2A38650E0091DC91 /* Utils */ = {
			isa = PBXGroup;
			children = (
				4669C40B2A3865260091DC91 /* Constants.swift */,
			);
			path = Utils;
			sourceTree = "<group>";
		};
		4669C40D2A3865370091DC91 /* Loaders */ = {
			isa = PBXGroup;
			children = (
				4669C40E2A3865430091DC91 /* ImageLoader.swift */,
			);
			path = Loaders;
			sourceTree = "<group>";
		};
		4669C4102A3865540091DC91 /* View */ = {
			isa = PBXGroup;
			children = (
				4669C4112A38656A0091DC91 /* URLImage.swift */,
				4669C4132A3865850091DC91 /* MovieListView.swift */,
				4669C4152A38659F0091DC91 /* NoResultView.swift */,
				466C68B22A38DA3000A236D4 /* GenreSelectionView.swift */,
				4659A81D2A38F87F0084D8A8 /* MoviePosterGridView.swift */,
			);
			path = View;
			sourceTree = "<group>";
		};
		4669C4172A3865B20091DC91 /* Screens */ = {
			isa = PBXGroup;
			children = (
				4669C4182A3865C30091DC91 /* MovieListScreen.swift */,
				4669C41A2A3865DD0091DC91 /* AddMovieScreen.swift */,
			);
			path = Screens;
			sourceTree = "<group>";
		};
		4669C41C2A3865EA0091DC91 /* Extensions */ = {
			isa = PBXGroup;
			children = (
				4669C41D2A3865F50091DC91 /* View+Extensions.swift */,
				4669C41F2A3866090091DC91 /* String+Extensions.swift */,
			);
			path = Extensions;
			sourceTree = "<group>";
		};
		4669C4212A38BA170091DC91 /* View Model */ = {
			isa = PBXGroup;
			children = (
				46CF75F82A38CF24007F3396 /* MovieListViewModel.swift */,
				466C68B02A38D94E00A236D4 /* GenreListViewModel.swift */,
				4659A8172A38F0B80084D8A8 /* AddMovieViewModel.swift */,
			);
			path = "View Model";
			sourceTree = "<group>";
		};
		4669C4222A38BA580091DC91 /* Service */ = {
			isa = PBXGroup;
			children = (
				4659A8192A38F61A0084D8A8 /* Webservice.swift */,
			);
			path = Service;
			sourceTree = "<group>";
		};
		4669C4232A38BA760091DC91 /* Model */ = {
			isa = PBXGroup;
			children = (
				4659A81B2A38F64D0084D8A8 /* Movie.swift */,
			);
			path = Model;
			sourceTree = "<group>";
		};
/* End PBXGroup section */

/* Begin PBXNativeTarget section */
		46632B042A385CB3000B3B92 /* MoviesGraphQLApp */ = {
			isa = PBXNativeTarget;
			buildConfigurationList = 46632B132A385CB4000B3B92 /* Build configuration list for PBXNativeTarget "MoviesGraphQLApp" */;
			buildPhases = (
				46699B662A385D3C00CB543E /* Generate Apollo GraphQL API */,
				46632B012A385CB3000B3B92 /* Sources */,
				46632B022A385CB3000B3B92 /* Frameworks */,
				46632B032A385CB3000B3B92 /* Resources */,
			);
			buildRules = (
			);
			dependencies = (
			);
			name = MoviesGraphQLApp;
			packageProductDependencies = (
				46632B172A385CD8000B3B92 /* Apollo */,
				46632B192A385CD8000B3B92 /* ApolloAPI */,
				46632B1B2A385CD8000B3B92 /* ApolloCodegenLib */,
				46632B1D2A385CD8000B3B92 /* ApolloSQLite */,
				46632B1F2A385CD8000B3B92 /* ApolloUtils */,
				46632B212A385CD8000B3B92 /* ApolloWebSocket */,
			);
			productName = MoviesGraphQLApp;
			productReference = 46632B052A385CB3000B3B92 /* MoviesGraphQLApp.app */;
			productType = "com.apple.product-type.application";
		};
/* End PBXNativeTarget section */

/* Begin PBXProject section */
		46632AFD2A385CB3000B3B92 /* Project object */ = {
			isa = PBXProject;
			attributes = {
				BuildIndependentTargetsInParallel = 1;
				LastSwiftUpdateCheck = 1400;
				LastUpgradeCheck = 1400;
				TargetAttributes = {
					46632B042A385CB3000B3B92 = {
						CreatedOnToolsVersion = 14.0;
					};
				};
			};
			buildConfigurationList = 46632B002A385CB3000B3B92 /* Build configuration list for PBXProject "MoviesGraphQLApp" */;
			compatibilityVersion = "Xcode 14.0";
			developmentRegion = en;
			hasScannedForEncodings = 0;
			knownRegions = (
				en,
				Base,
			);
			mainGroup = 46632AFC2A385CB3000B3B92;
			packageReferences = (
				46632B162A385CD8000B3B92 /* XCRemoteSwiftPackageReference "apollo-ios" */,
			);
			productRefGroup = 46632B062A385CB3000B3B92 /* Products */;
			projectDirPath = "";
			projectRoot = "";
			targets = (
				46632B042A385CB3000B3B92 /* MoviesGraphQLApp */,
			);
		};
/* End PBXProject section */

/* Begin PBXResourcesBuildPhase section */
		46632B032A385CB3000B3B92 /* Resources */ = {
			isa = PBXResourcesBuildPhase;
			buildActionMask = 2147483647;
			files = (
				466C68B52A38EFBF00A236D4 /* schema.json in Resources */,
				46699B6D2A385D8800CB543E /* Queries.graphql in Resources */,
				46632B102A385CB4000B3B92 /* Preview Assets.xcassets in Resources */,
				46632B0D2A385CB4000B3B92 /* Assets.xcassets in Resources */,
			);
			runOnlyForDeploymentPostprocessing = 0;
		};
/* End PBXResourcesBuildPhase section */

/* Begin PBXShellScriptBuildPhase section */
		46699B662A385D3C00CB543E /* Generate Apollo GraphQL API */ = {
			isa = PBXShellScriptBuildPhase;
			buildActionMask = 2147483647;
			files = (
			);
			inputFileListPaths = (
			);
			inputPaths = (
			);
			name = "Generate Apollo GraphQL API";
			outputFileListPaths = (
			);
			outputPaths = (
			);
			runOnlyForDeploymentPostprocessing = 0;
			shellPath = /bin/sh;
			shellScript = "# Type a script or drag a script file from your workspace to insert its path.\n# Don't run this during index builds\nif [ $ACTION = \"indexbuild\" ]; then exit 0; fi\n\n# Go to the build root and search up the chain to find the Derived Data Path where the source packages are checked out.\nDERIVED_DATA_CANDIDATE=\"${BUILD_ROOT}\"\n\nwhile ! [ -d \"${DERIVED_DATA_CANDIDATE}/SourcePackages\" ]; do\n  if [ \"${DERIVED_DATA_CANDIDATE}\" = / ]; then\n    echo >&2 \"error: Unable to locate SourcePackages directory from BUILD_ROOT: '${BUILD_ROOT}'\"\n    exit 1\n  fi\n\n  DERIVED_DATA_CANDIDATE=\"$(dirname \"${DERIVED_DATA_CANDIDATE}\")\"\ndone\n\n# Grab a reference to the directory where scripts are checked out\nSCRIPT_PATH=\"${DERIVED_DATA_CANDIDATE}/SourcePackages/checkouts/apollo-ios/scripts\"\n\nif [ -z \"${SCRIPT_PATH}\" ]; then\n    echo >&2 \"error: Couldn't find the CLI script in your checked out SPM packages; make sure to add the framework to your project.\"\n    exit 1\nfi\n\ncd \"${SRCROOT}/${TARGET_NAME}\"\n\"${SCRIPT_PATH}\"/run-bundled-codegen.sh codegen:generate --target=swift --includes=./**/*.graphql --localSchemaFile=\"schema.json\" ./GraphQL/API.swift\n";
		};
/* End PBXShellScriptBuildPhase section */

/* Begin PBXSourcesBuildPhase section */
		46632B012A385CB3000B3B92 /* Sources */ = {
			isa = PBXSourcesBuildPhase;
			buildActionMask = 2147483647;
			files = (
				4669C41B2A3865DD0091DC91 /* AddMovieScreen.swift in Sources */,
				4669C4202A3866090091DC91 /* String+Extensions.swift in Sources */,
				4659A81C2A38F64D0084D8A8 /* Movie.swift in Sources */,
				4669C4192A3865C30091DC91 /* MovieListScreen.swift in Sources */,
				4669C4122A38656A0091DC91 /* URLImage.swift in Sources */,
				466C68B12A38D94E00A236D4 /* GenreListViewModel.swift in Sources */,
				4669C40C2A3865260091DC91 /* Constants.swift in Sources */,
				46CF75F92A38CF24007F3396 /* MovieListViewModel.swift in Sources */,
				4659A8182A38F0B80084D8A8 /* AddMovieViewModel.swift in Sources */,
				4669C40F2A3865430091DC91 /* ImageLoader.swift in Sources */,
				4669C4162A38659F0091DC91 /* NoResultView.swift in Sources */,
				46699B6B2A385D7000CB543E /* Apollo.swift in Sources */,
				4669C4142A3865850091DC91 /* MovieListView.swift in Sources */,
				46F507802A385F5200BFAA75 /* API.swift in Sources */,
				4669C41E2A3865F50091DC91 /* View+Extensions.swift in Sources */,
				46632B092A385CB3000B3B92 /* MoviesGraphQLAppApp.swift in Sources */,
				466C68B32A38DA3000A236D4 /* GenreSelectionView.swift in Sources */,
				4659A81E2A38F87F0084D8A8 /* MoviePosterGridView.swift in Sources */,
				4659A81A2A38F61A0084D8A8 /* Webservice.swift in Sources */,
			);
			runOnlyForDeploymentPostprocessing = 0;
		};
/* End PBXSourcesBuildPhase section */

/* Begin XCBuildConfiguration section */
		46632B112A385CB4000B3B92 /* Debug */ = {
			isa = XCBuildConfiguration;
			buildSettings = {
				ALWAYS_SEARCH_USER_PATHS = NO;
				CLANG_ANALYZER_NONNULL = YES;
				CLANG_ANALYZER_NUMBER_OBJECT_CONVERSION = YES_AGGRESSIVE;
				CLANG_CXX_LANGUAGE_STANDARD = "gnu++20";
				CLANG_ENABLE_MODULES = YES;
				CLANG_ENABLE_OBJC_ARC = YES;
				CLANG_ENABLE_OBJC_WEAK = YES;
				CLANG_WARN_BLOCK_CAPTURE_AUTORELEASING = YES;
				CLANG_WARN_BOOL_CONVERSION = YES;
				CLANG_WARN_COMMA = YES;
				CLANG_WARN_CONSTANT_CONVERSION = YES;
				CLANG_WARN_DEPRECATED_OBJC_IMPLEMENTATIONS = YES;
				CLANG_WARN_DIRECT_OBJC_ISA_USAGE = YES_ERROR;
				CLANG_WARN_DOCUMENTATION_COMMENTS = YES;
				CLANG_WARN_EMPTY_BODY = YES;
				CLANG_WARN_ENUM_CONVERSION = YES;
				CLANG_WARN_INFINITE_RECURSION = YES;
				CLANG_WARN_INT_CONVERSION = YES;
				CLANG_WARN_NON_LITERAL_NULL_CONVERSION = YES;
				CLANG_WARN_OBJC_IMPLICIT_RETAIN_SELF = YES;
				CLANG_WARN_OBJC_LITERAL_CONVERSION = YES;
				CLANG_WARN_OBJC_ROOT_CLASS = YES_ERROR;
				CLANG_WARN_QUOTED_INCLUDE_IN_FRAMEWORK_HEADER = YES;
				CLANG_WARN_RANGE_LOOP_ANALYSIS = YES;
				CLANG_WARN_STRICT_PROTOTYPES = YES;
				CLANG_WARN_SUSPICIOUS_MOVE = YES;
				CLANG_WARN_UNGUARDED_AVAILABILITY = YES_AGGRESSIVE;
				CLANG_WARN_UNREACHABLE_CODE = YES;
				CLANG_WARN__DUPLICATE_METHOD_MATCH = YES;
				COPY_PHASE_STRIP = NO;
				DEBUG_INFORMATION_FORMAT = dwarf;
				ENABLE_STRICT_OBJC_MSGSEND = YES;
				ENABLE_TESTABILITY = YES;
				GCC_C_LANGUAGE_STANDARD = gnu11;
				GCC_DYNAMIC_NO_PIC = NO;
				GCC_NO_COMMON_BLOCKS = YES;
				GCC_OPTIMIZATION_LEVEL = 0;
				GCC_PREPROCESSOR_DEFINITIONS = (
					"DEBUG=1",
					"$(inherited)",
				);
				GCC_WARN_64_TO_32_BIT_CONVERSION = YES;
				GCC_WARN_ABOUT_RETURN_TYPE = YES_ERROR;
				GCC_WARN_UNDECLARED_SELECTOR = YES;
				GCC_WARN_UNINITIALIZED_AUTOS = YES_AGGRESSIVE;
				GCC_WARN_UNUSED_FUNCTION = YES;
				GCC_WARN_UNUSED_VARIABLE = YES;
				IPHONEOS_DEPLOYMENT_TARGET = 16.0;
				MTL_ENABLE_DEBUG_INFO = INCLUDE_SOURCE;
				MTL_FAST_MATH = YES;
				ONLY_ACTIVE_ARCH = YES;
				SDKROOT = iphoneos;
				SWIFT_ACTIVE_COMPILATION_CONDITIONS = DEBUG;
				SWIFT_OPTIMIZATION_LEVEL = "-Onone";
			};
			name = Debug;
		};
		46632B122A385CB4000B3B92 /* Release */ = {
			isa = XCBuildConfiguration;
			buildSettings = {
				ALWAYS_SEARCH_USER_PATHS = NO;
				CLANG_ANALYZER_NONNULL = YES;
				CLANG_ANALYZER_NUMBER_OBJECT_CONVERSION = YES_AGGRESSIVE;
				CLANG_CXX_LANGUAGE_STANDARD = "gnu++20";
				CLANG_ENABLE_MODULES = YES;
				CLANG_ENABLE_OBJC_ARC = YES;
				CLANG_ENABLE_OBJC_WEAK = YES;
				CLANG_WARN_BLOCK_CAPTURE_AUTORELEASING = YES;
				CLANG_WARN_BOOL_CONVERSION = YES;
				CLANG_WARN_COMMA = YES;
				CLANG_WARN_CONSTANT_CONVERSION = YES;
				CLANG_WARN_DEPRECATED_OBJC_IMPLEMENTATIONS = YES;
				CLANG_WARN_DIRECT_OBJC_ISA_USAGE = YES_ERROR;
				CLANG_WARN_DOCUMENTATION_COMMENTS = YES;
				CLANG_WARN_EMPTY_BODY = YES;
				CLANG_WARN_ENUM_CONVERSION = YES;
				CLANG_WARN_INFINITE_RECURSION = YES;
				CLANG_WARN_INT_CONVERSION = YES;
				CLANG_WARN_NON_LITERAL_NULL_CONVERSION = YES;
				CLANG_WARN_OBJC_IMPLICIT_RETAIN_SELF = YES;
				CLANG_WARN_OBJC_LITERAL_CONVERSION = YES;
				CLANG_WARN_OBJC_ROOT_CLASS = YES_ERROR;
				CLANG_WARN_QUOTED_INCLUDE_IN_FRAMEWORK_HEADER = YES;
				CLANG_WARN_RANGE_LOOP_ANALYSIS = YES;
				CLANG_WARN_STRICT_PROTOTYPES = YES;
				CLANG_WARN_SUSPICIOUS_MOVE = YES;
				CLANG_WARN_UNGUARDED_AVAILABILITY = YES_AGGRESSIVE;
				CLANG_WARN_UNREACHABLE_CODE = YES;
				CLANG_WARN__DUPLICATE_METHOD_MATCH = YES;
				COPY_PHASE_STRIP = NO;
				DEBUG_INFORMATION_FORMAT = "dwarf-with-dsym";
				ENABLE_NS_ASSERTIONS = NO;
				ENABLE_STRICT_OBJC_MSGSEND = YES;
				GCC_C_LANGUAGE_STANDARD = gnu11;
				GCC_NO_COMMON_BLOCKS = YES;
				GCC_WARN_64_TO_32_BIT_CONVERSION = YES;
				GCC_WARN_ABOUT_RETURN_TYPE = YES_ERROR;
				GCC_WARN_UNDECLARED_SELECTOR = YES;
				GCC_WARN_UNINITIALIZED_AUTOS = YES_AGGRESSIVE;
				GCC_WARN_UNUSED_FUNCTION = YES;
				GCC_WARN_UNUSED_VARIABLE = YES;
				IPHONEOS_DEPLOYMENT_TARGET = 16.0;
				MTL_ENABLE_DEBUG_INFO = NO;
				MTL_FAST_MATH = YES;
				SDKROOT = iphoneos;
				SWIFT_COMPILATION_MODE = wholemodule;
				SWIFT_OPTIMIZATION_LEVEL = "-O";
				VALIDATE_PRODUCT = YES;
			};
			name = Release;
		};
		46632B142A385CB4000B3B92 /* Debug */ = {
			isa = XCBuildConfiguration;
			buildSettings = {
				ASSETCATALOG_COMPILER_APPICON_NAME = AppIcon;
				ASSETCATALOG_COMPILER_GLOBAL_ACCENT_COLOR_NAME = AccentColor;
				CODE_SIGN_STYLE = Automatic;
				CURRENT_PROJECT_VERSION = 1;
				DEVELOPMENT_ASSET_PATHS = "\"MoviesGraphQLApp/Preview Content\"";
				ENABLE_PREVIEWS = YES;
				GENERATE_INFOPLIST_FILE = YES;
				INFOPLIST_FILE = MoviesGraphQLApp/Info.plist;
				INFOPLIST_KEY_UIApplicationSceneManifest_Generation = YES;
				INFOPLIST_KEY_UIApplicationSupportsIndirectInputEvents = YES;
				INFOPLIST_KEY_UILaunchScreen_Generation = YES;
				INFOPLIST_KEY_UISupportedInterfaceOrientations_iPad = "UIInterfaceOrientationPortrait UIInterfaceOrientationPortraitUpsideDown UIInterfaceOrientationLandscapeLeft UIInterfaceOrientationLandscapeRight";
				INFOPLIST_KEY_UISupportedInterfaceOrientations_iPhone = "UIInterfaceOrientationPortrait UIInterfaceOrientationLandscapeLeft UIInterfaceOrientationLandscapeRight";
				LD_RUNPATH_SEARCH_PATHS = (
					"$(inherited)",
					"@executable_path/Frameworks",
				);
				MARKETING_VERSION = 1.0;
				PRODUCT_BUNDLE_IDENTIFIER = com.thoughtworks.MoviesGraphQLApp;
				PRODUCT_NAME = "$(TARGET_NAME)";
				SWIFT_EMIT_LOC_STRINGS = YES;
				SWIFT_VERSION = 5.0;
				TARGETED_DEVICE_FAMILY = "1,2";
			};
			name = Debug;
		};
		46632B152A385CB4000B3B92 /* Release */ = {
			isa = XCBuildConfiguration;
			buildSettings = {
				ASSETCATALOG_COMPILER_APPICON_NAME = AppIcon;
				ASSETCATALOG_COMPILER_GLOBAL_ACCENT_COLOR_NAME = AccentColor;
				CODE_SIGN_STYLE = Automatic;
				CURRENT_PROJECT_VERSION = 1;
				DEVELOPMENT_ASSET_PATHS = "\"MoviesGraphQLApp/Preview Content\"";
				ENABLE_PREVIEWS = YES;
				GENERATE_INFOPLIST_FILE = YES;
				INFOPLIST_FILE = MoviesGraphQLApp/Info.plist;
				INFOPLIST_KEY_UIApplicationSceneManifest_Generation = YES;
				INFOPLIST_KEY_UIApplicationSupportsIndirectInputEvents = YES;
				INFOPLIST_KEY_UILaunchScreen_Generation = YES;
				INFOPLIST_KEY_UISupportedInterfaceOrientations_iPad = "UIInterfaceOrientationPortrait UIInterfaceOrientationPortraitUpsideDown UIInterfaceOrientationLandscapeLeft UIInterfaceOrientationLandscapeRight";
				INFOPLIST_KEY_UISupportedInterfaceOrientations_iPhone = "UIInterfaceOrientationPortrait UIInterfaceOrientationLandscapeLeft UIInterfaceOrientationLandscapeRight";
				LD_RUNPATH_SEARCH_PATHS = (
					"$(inherited)",
					"@executable_path/Frameworks",
				);
				MARKETING_VERSION = 1.0;
				PRODUCT_BUNDLE_IDENTIFIER = com.thoughtworks.MoviesGraphQLApp;
				PRODUCT_NAME = "$(TARGET_NAME)";
				SWIFT_EMIT_LOC_STRINGS = YES;
				SWIFT_VERSION = 5.0;
				TARGETED_DEVICE_FAMILY = "1,2";
			};
			name = Release;
		};
/* End XCBuildConfiguration section */

/* Begin XCConfigurationList section */
		46632B002A385CB3000B3B92 /* Build configuration list for PBXProject "MoviesGraphQLApp" */ = {
			isa = XCConfigurationList;
			buildConfigurations = (
				46632B112A385CB4000B3B92 /* Debug */,
				46632B122A385CB4000B3B92 /* Release */,
			);
			defaultConfigurationIsVisible = 0;
			defaultConfigurationName = Release;
		};
		46632B132A385CB4000B3B92 /* Build configuration list for PBXNativeTarget "MoviesGraphQLApp" */ = {
			isa = XCConfigurationList;
			buildConfigurations = (
				46632B142A385CB4000B3B92 /* Debug */,
				46632B152A385CB4000B3B92 /* Release */,
			);
			defaultConfigurationIsVisible = 0;
			defaultConfigurationName = Release;
		};
/* End XCConfigurationList section */

/* Begin XCRemoteSwiftPackageReference section */
		46632B162A385CD8000B3B92 /* XCRemoteSwiftPackageReference "apollo-ios" */ = {
			isa = XCRemoteSwiftPackageReference;
			repositoryURL = "https://github.com/apollographql/apollo-ios.git";
			requirement = {
				kind = revision;
				revision = cb5f1ce6105e4b197cf973c915d51f7941840388;
			};
		};
/* End XCRemoteSwiftPackageReference section */

/* Begin XCSwiftPackageProductDependency section */
		46632B172A385CD8000B3B92 /* Apollo */ = {
			isa = XCSwiftPackageProductDependency;
			package = 46632B162A385CD8000B3B92 /* XCRemoteSwiftPackageReference "apollo-ios" */;
			productName = Apollo;
		};
		46632B192A385CD8000B3B92 /* ApolloAPI */ = {
			isa = XCSwiftPackageProductDependency;
			package = 46632B162A385CD8000B3B92 /* XCRemoteSwiftPackageReference "apollo-ios" */;
			productName = ApolloAPI;
		};
		46632B1B2A385CD8000B3B92 /* ApolloCodegenLib */ = {
			isa = XCSwiftPackageProductDependency;
			package = 46632B162A385CD8000B3B92 /* XCRemoteSwiftPackageReference "apollo-ios" */;
			productName = ApolloCodegenLib;
		};
		46632B1D2A385CD8000B3B92 /* ApolloSQLite */ = {
			isa = XCSwiftPackageProductDependency;
			package = 46632B162A385CD8000B3B92 /* XCRemoteSwiftPackageReference "apollo-ios" */;
			productName = ApolloSQLite;
		};
		46632B1F2A385CD8000B3B92 /* ApolloUtils */ = {
			isa = XCSwiftPackageProductDependency;
			package = 46632B162A385CD8000B3B92 /* XCRemoteSwiftPackageReference "apollo-ios" */;
			productName = ApolloUtils;
		};
		46632B212A385CD8000B3B92 /* ApolloWebSocket */ = {
			isa = XCSwiftPackageProductDependency;
			package = 46632B162A385CD8000B3B92 /* XCRemoteSwiftPackageReference "apollo-ios" */;
			productName = ApolloWebSocket;
		};
/* End XCSwiftPackageProductDependency section */
	};
	rootObject = 46632AFD2A385CB3000B3B92 /* Project object */;
}
